
Microsoft Visual Studio Solution File, Format Version 12.00
# Visual Studio 15
VisualStudioVersion = 15.0.27004.2009
MinimumVisualStudioVersion = 10.0.40219.1
Project("{FAE04EC0-301F-11D3-BF4B-00C04F79EFBC}") = "PowerLines", "PowerLines\PowerLines.csproj", "{C1AC93C3-4350-4183-B742-6E2776E8C20E}"
EndProject
Project("{FAE04EC0-301F-11D3-BF4B-00C04F79EFBC}") = "PowerLines.Tests", "PowerLines.Tests\PowerLines.Tests.csproj", "{09E9DF76-84B5-4F3E-93E7-5D706465BF0C}"
EndProject
Global
	GlobalSection(SolutionConfigurationPlatforms) = preSolution
		Debug|Any CPU = Debug|Any CPU
		Release|Any CPU = Release|Any CPU
	EndGlobalSection
	GlobalSection(ProjectConfigurationPlatforms) = postSolution
		{C1AC93C3-4350-4183-B742-6E2776E8C20E}.Debug|Any CPU.ActiveCfg = Debug|Any CPU
		{C1AC93C3-4350-4183-B742-6E2776E8C20E}.Debug|Any CPU.Build.0 = Debug|Any CPU
		{C1AC93C3-4350-4183-B742-6E2776E8C20E}.Release|Any CPU.ActiveCfg = Release|Any CPU
		{C1AC93C3-4350-4183-B742-6E2776E8C20E}.Release|Any CPU.Build.0 = Release|Any CPU
		{09E9DF76-84B5-4F3E-93E7-5D706465BF0C}.Debug|Any CPU.ActiveCfg = Debug|Any CPU
		{09E9DF76-84B5-4F3E-93E7-5D706465BF0C}.Debug|Any CPU.Build.0 = Debug|Any CPU
		{09E9DF76-84B5-4F3E-93E7-5D706465BF0C}.Release|Any CPU.ActiveCfg = Release|Any CPU
		{09E9DF76-84B5-4F3E-93E7-5D706465BF0C}.Release|Any CPU.Build.0 = Release|Any CPU
	EndGlobalSection
	GlobalSection(SolutionProperties) = preSolution
		HideSolutionNode = FALSE
	EndGlobalSection
	GlobalSection(ExtensibilityGlobals) = postSolution
		SolutionGuid = {B46C3305-4068-4309-93FF-B572278719D4}
	EndGlobalSection
EndGlobal
